
Microsoft Visual Studio Solution File, Format Version 12.00
# Visual Studio 15
VisualStudioVersion = 15.0.28307.438
MinimumVisualStudioVersion = 10.0.40219.1
Project("{FAE04EC0-301F-11D3-BF4B-00C04F79EFBC}") = "HelloWorld", "HelloWorld\HelloWorld.csproj", "{B1E4D4CD-E1ED-4C91-8A60-59137481E4E3}"
EndProject
Global
	GlobalSection(SolutionConfigurationPlatforms) = preSolution
		Debug|Any CPU = Debug|Any CPU
		Release|Any CPU = Release|Any CPU
	EndGlobalSection
	GlobalSection(ProjectConfigurationPlatforms) = postSolution
		{B1E4D4CD-E1ED-4C91-8A60-59137481E4E3}.Debug|Any CPU.ActiveCfg = Debug|Any CPU
		{B1E4D4CD-E1ED-4C91-8A60-59137481E4E3}.Debug|Any CPU.Build.0 = Debug|Any CPU
		{B1E4D4CD-E1ED-4C91-8A60-59137481E4E3}.Release|Any CPU.ActiveCfg = Release|Any CPU
		{B1E4D4CD-E1ED-4C91-8A60-59137481E4E3}.Release|Any CPU.Build.0 = Release|Any CPU
	EndGlobalSection
	GlobalSection(SolutionProperties) = preSolution
		HideSolutionNode = FALSE
	EndGlobalSection
	GlobalSection(ExtensibilityGlobals) = postSolution
		SolutionGuid = {AD3027C5-5152-4AE8-9B2F-A5DF098C3FBC}
	EndGlobalSection
EndGlobal
